
Microsoft Visual Studio Solution File, Format Version 12.00
# Visual Studio 2012
Project("{FAE04EC0-301F-11D3-BF4B-00C04F79EFBC}") = "LocalyticsSample", "LocalyticsSample\LocalyticsSample.csproj", "{E291B500-93AB-423A-874D-29DB2CA50526}"
EndProject
Project("{FAE04EC0-301F-11D3-BF4B-00C04F79EFBC}") = "LocalyticsSample.iOS", "iOS\LocalyticsSample.iOS.csproj", "{E7C583A9-10C1-4776-AD86-7E0821F86989}"
EndProject
Project("{FAE04EC0-301F-11D3-BF4B-00C04F79EFBC}") = "LocalyticsSample.Android", "Android\LocalyticsSample.Android.csproj", "{9C9948B0-EC28-4454-98BB-471C6BA02ABF}"
EndProject
Project("{FAE04EC0-301F-11D3-BF4B-00C04F79EFBC}") = "LocalyticsXamarin.iOS", "LocalyticsXamarin.iOS\LocalyticsXamarin.iOS.csproj", "{5087AEA1-F7C9-4EBB-96EA-A9CA3BB6EFEE}"
EndProject
Project("{FAE04EC0-301F-11D3-BF4B-00C04F79EFBC}") = "LocalyticsXamarin.Android", "LocalyticsXamarin.Android\LocalyticsXamarin.Android.csproj", "{8D4D1584-55B7-4E32-9373-9D1DA7D9A209}"
EndProject
Project("{FAE04EC0-301F-11D3-BF4B-00C04F79EFBC}") = "LocalyticsMessagingSample.Android", "LocalyticsMessagingSample.Android\LocalyticsMessagingSample.Android.csproj", "{AB9BD7B2-6E6D-4C72-911F-ECF85D72776D}"
EndProject
Project("{FAE04EC0-301F-11D3-BF4B-00C04F79EFBC}") = "LocalyticsXamarin.iOS-Classic", "LocalyticsXamarin.iOS-Classic\LocalyticsXamarin.iOS-Classic.csproj", "{911670D5-07C2-46BF-B406-30D1E851E741}"
EndProject
Project("{FAE04EC0-301F-11D3-BF4B-00C04F79EFBC}") = "LocalyticsiOSClassicTest", "LocalyticsiOSClassicTest\LocalyticsiOSClassicTest.csproj", "{A226284E-54FD-4D43-B799-2B181AE28A33}"
EndProject
Global
	GlobalSection(SolutionConfigurationPlatforms) = preSolution
		Debug|Any CPU = Debug|Any CPU
		Release|Any CPU = Release|Any CPU
		Debug|iPhoneSimulator = Debug|iPhoneSimulator
		Release|iPhone = Release|iPhone
		Release|iPhoneSimulator = Release|iPhoneSimulator
		Debug|iPhone = Debug|iPhone
	EndGlobalSection
	GlobalSection(ProjectConfigurationPlatforms) = postSolution
		{5087AEA1-F7C9-4EBB-96EA-A9CA3BB6EFEE}.Debug|Any CPU.ActiveCfg = Debug|Any CPU
		{5087AEA1-F7C9-4EBB-96EA-A9CA3BB6EFEE}.Debug|Any CPU.Build.0 = Debug|Any CPU
		{5087AEA1-F7C9-4EBB-96EA-A9CA3BB6EFEE}.Debug|iPhone.ActiveCfg = Debug|Any CPU
		{5087AEA1-F7C9-4EBB-96EA-A9CA3BB6EFEE}.Debug|iPhone.Build.0 = Debug|Any CPU
		{5087AEA1-F7C9-4EBB-96EA-A9CA3BB6EFEE}.Debug|iPhoneSimulator.ActiveCfg = Debug|Any CPU
		{5087AEA1-F7C9-4EBB-96EA-A9CA3BB6EFEE}.Debug|iPhoneSimulator.Build.0 = Debug|Any CPU
		{5087AEA1-F7C9-4EBB-96EA-A9CA3BB6EFEE}.Release|Any CPU.ActiveCfg = Release|Any CPU
		{5087AEA1-F7C9-4EBB-96EA-A9CA3BB6EFEE}.Release|Any CPU.Build.0 = Release|Any CPU
		{5087AEA1-F7C9-4EBB-96EA-A9CA3BB6EFEE}.Release|iPhone.ActiveCfg = Release|Any CPU
		{5087AEA1-F7C9-4EBB-96EA-A9CA3BB6EFEE}.Release|iPhone.Build.0 = Release|Any CPU
		{5087AEA1-F7C9-4EBB-96EA-A9CA3BB6EFEE}.Release|iPhoneSimulator.ActiveCfg = Release|Any CPU
		{5087AEA1-F7C9-4EBB-96EA-A9CA3BB6EFEE}.Release|iPhoneSimulator.Build.0 = Release|Any CPU
		{8D4D1584-55B7-4E32-9373-9D1DA7D9A209}.Debug|Any CPU.ActiveCfg = Debug|Any CPU
		{8D4D1584-55B7-4E32-9373-9D1DA7D9A209}.Debug|Any CPU.Build.0 = Debug|Any CPU
		{8D4D1584-55B7-4E32-9373-9D1DA7D9A209}.Debug|iPhone.ActiveCfg = Debug|Any CPU
		{8D4D1584-55B7-4E32-9373-9D1DA7D9A209}.Debug|iPhone.Build.0 = Debug|Any CPU
		{8D4D1584-55B7-4E32-9373-9D1DA7D9A209}.Debug|iPhoneSimulator.ActiveCfg = Debug|Any CPU
		{8D4D1584-55B7-4E32-9373-9D1DA7D9A209}.Debug|iPhoneSimulator.Build.0 = Debug|Any CPU
		{8D4D1584-55B7-4E32-9373-9D1DA7D9A209}.Release|Any CPU.ActiveCfg = Release|Any CPU
		{8D4D1584-55B7-4E32-9373-9D1DA7D9A209}.Release|Any CPU.Build.0 = Release|Any CPU
		{8D4D1584-55B7-4E32-9373-9D1DA7D9A209}.Release|iPhone.ActiveCfg = Release|Any CPU
		{8D4D1584-55B7-4E32-9373-9D1DA7D9A209}.Release|iPhone.Build.0 = Release|Any CPU
		{8D4D1584-55B7-4E32-9373-9D1DA7D9A209}.Release|iPhoneSimulator.ActiveCfg = Release|Any CPU
		{8D4D1584-55B7-4E32-9373-9D1DA7D9A209}.Release|iPhoneSimulator.Build.0 = Release|Any CPU
		{911670D5-07C2-46BF-B406-30D1E851E741}.Debug|Any CPU.ActiveCfg = Debug|Any CPU
		{911670D5-07C2-46BF-B406-30D1E851E741}.Debug|Any CPU.Build.0 = Debug|Any CPU
		{911670D5-07C2-46BF-B406-30D1E851E741}.Debug|iPhone.ActiveCfg = Debug|Any CPU
		{911670D5-07C2-46BF-B406-30D1E851E741}.Debug|iPhone.Build.0 = Debug|Any CPU
		{911670D5-07C2-46BF-B406-30D1E851E741}.Debug|iPhoneSimulator.ActiveCfg = Debug|Any CPU
		{911670D5-07C2-46BF-B406-30D1E851E741}.Debug|iPhoneSimulator.Build.0 = Debug|Any CPU
		{911670D5-07C2-46BF-B406-30D1E851E741}.Release|Any CPU.ActiveCfg = Release|Any CPU
		{911670D5-07C2-46BF-B406-30D1E851E741}.Release|Any CPU.Build.0 = Release|Any CPU
		{911670D5-07C2-46BF-B406-30D1E851E741}.Release|iPhone.ActiveCfg = Release|Any CPU
		{911670D5-07C2-46BF-B406-30D1E851E741}.Release|iPhone.Build.0 = Release|Any CPU
		{911670D5-07C2-46BF-B406-30D1E851E741}.Release|iPhoneSimulator.ActiveCfg = Release|Any CPU
		{911670D5-07C2-46BF-B406-30D1E851E741}.Release|iPhoneSimulator.Build.0 = Release|Any CPU
		{9C9948B0-EC28-4454-98BB-471C6BA02ABF}.Debug|Any CPU.ActiveCfg = Debug|Any CPU
		{9C9948B0-EC28-4454-98BB-471C6BA02ABF}.Debug|Any CPU.Build.0 = Debug|Any CPU
		{9C9948B0-EC28-4454-98BB-471C6BA02ABF}.Debug|iPhone.ActiveCfg = Debug|Any CPU
		{9C9948B0-EC28-4454-98BB-471C6BA02ABF}.Debug|iPhone.Build.0 = Debug|Any CPU
		{9C9948B0-EC28-4454-98BB-471C6BA02ABF}.Debug|iPhoneSimulator.ActiveCfg = Debug|Any CPU
		{9C9948B0-EC28-4454-98BB-471C6BA02ABF}.Debug|iPhoneSimulator.Build.0 = Debug|Any CPU
		{9C9948B0-EC28-4454-98BB-471C6BA02ABF}.Release|Any CPU.ActiveCfg = Release|Any CPU
		{9C9948B0-EC28-4454-98BB-471C6BA02ABF}.Release|Any CPU.Build.0 = Release|Any CPU
		{9C9948B0-EC28-4454-98BB-471C6BA02ABF}.Release|iPhone.ActiveCfg = Release|Any CPU
		{9C9948B0-EC28-4454-98BB-471C6BA02ABF}.Release|iPhone.Build.0 = Release|Any CPU
		{9C9948B0-EC28-4454-98BB-471C6BA02ABF}.Release|iPhoneSimulator.ActiveCfg = Release|Any CPU
		{9C9948B0-EC28-4454-98BB-471C6BA02ABF}.Release|iPhoneSimulator.Build.0 = Release|Any CPU
		{A226284E-54FD-4D43-B799-2B181AE28A33}.Debug|Any CPU.ActiveCfg = Debug|iPhoneSimulator
		{A226284E-54FD-4D43-B799-2B181AE28A33}.Debug|Any CPU.Build.0 = Debug|iPhoneSimulator
		{A226284E-54FD-4D43-B799-2B181AE28A33}.Debug|iPhone.ActiveCfg = Debug|iPhone
		{A226284E-54FD-4D43-B799-2B181AE28A33}.Debug|iPhone.Build.0 = Debug|iPhone
		{A226284E-54FD-4D43-B799-2B181AE28A33}.Debug|iPhoneSimulator.ActiveCfg = Debug|iPhoneSimulator
		{A226284E-54FD-4D43-B799-2B181AE28A33}.Debug|iPhoneSimulator.Build.0 = Debug|iPhoneSimulator
		{A226284E-54FD-4D43-B799-2B181AE28A33}.Release|Any CPU.ActiveCfg = Release|iPhone
		{A226284E-54FD-4D43-B799-2B181AE28A33}.Release|Any CPU.Build.0 = Release|iPhone
		{A226284E-54FD-4D43-B799-2B181AE28A33}.Release|iPhone.ActiveCfg = Release|iPhone
		{A226284E-54FD-4D43-B799-2B181AE28A33}.Release|iPhone.Build.0 = Release|iPhone
		{A226284E-54FD-4D43-B799-2B181AE28A33}.Release|iPhoneSimulator.ActiveCfg = Release|iPhoneSimulator
		{A226284E-54FD-4D43-B799-2B181AE28A33}.Release|iPhoneSimulator.Build.0 = Release|iPhoneSimulator
		{AB9BD7B2-6E6D-4C72-911F-ECF85D72776D}.Debug|Any CPU.ActiveCfg = Debug|Any CPU
		{AB9BD7B2-6E6D-4C72-911F-ECF85D72776D}.Debug|Any CPU.Build.0 = Debug|Any CPU
		{AB9BD7B2-6E6D-4C72-911F-ECF85D72776D}.Debug|iPhone.ActiveCfg = Debug|Any CPU
		{AB9BD7B2-6E6D-4C72-911F-ECF85D72776D}.Debug|iPhone.Build.0 = Debug|Any CPU
		{AB9BD7B2-6E6D-4C72-911F-ECF85D72776D}.Debug|iPhoneSimulator.ActiveCfg = Debug|Any CPU
		{AB9BD7B2-6E6D-4C72-911F-ECF85D72776D}.Debug|iPhoneSimulator.Build.0 = Debug|Any CPU
		{AB9BD7B2-6E6D-4C72-911F-ECF85D72776D}.Release|Any CPU.ActiveCfg = Release|Any CPU
		{AB9BD7B2-6E6D-4C72-911F-ECF85D72776D}.Release|Any CPU.Build.0 = Release|Any CPU
		{AB9BD7B2-6E6D-4C72-911F-ECF85D72776D}.Release|iPhone.ActiveCfg = Release|Any CPU
		{AB9BD7B2-6E6D-4C72-911F-ECF85D72776D}.Release|iPhone.Build.0 = Release|Any CPU
		{AB9BD7B2-6E6D-4C72-911F-ECF85D72776D}.Release|iPhoneSimulator.ActiveCfg = Release|Any CPU
		{AB9BD7B2-6E6D-4C72-911F-ECF85D72776D}.Release|iPhoneSimulator.Build.0 = Release|Any CPU
		{E291B500-93AB-423A-874D-29DB2CA50526}.Debug|Any CPU.ActiveCfg = Debug|Any CPU
		{E291B500-93AB-423A-874D-29DB2CA50526}.Debug|Any CPU.Build.0 = Debug|Any CPU
		{E291B500-93AB-423A-874D-29DB2CA50526}.Debug|iPhone.ActiveCfg = Debug|Any CPU
		{E291B500-93AB-423A-874D-29DB2CA50526}.Debug|iPhone.Build.0 = Debug|Any CPU
		{E291B500-93AB-423A-874D-29DB2CA50526}.Debug|iPhoneSimulator.ActiveCfg = Debug|Any CPU
		{E291B500-93AB-423A-874D-29DB2CA50526}.Debug|iPhoneSimulator.Build.0 = Debug|Any CPU
		{E291B500-93AB-423A-874D-29DB2CA50526}.Release|Any CPU.ActiveCfg = Release|Any CPU
		{E291B500-93AB-423A-874D-29DB2CA50526}.Release|Any CPU.Build.0 = Release|Any CPU
		{E291B500-93AB-423A-874D-29DB2CA50526}.Release|iPhone.ActiveCfg = Release|Any CPU
		{E291B500-93AB-423A-874D-29DB2CA50526}.Release|iPhone.Build.0 = Release|Any CPU
		{E291B500-93AB-423A-874D-29DB2CA50526}.Release|iPhoneSimulator.ActiveCfg = Release|Any CPU
		{E291B500-93AB-423A-874D-29DB2CA50526}.Release|iPhoneSimulator.Build.0 = Release|Any CPU
		{E7C583A9-10C1-4776-AD86-7E0821F86989}.Debug|Any CPU.ActiveCfg = Debug|iPhoneSimulator
		{E7C583A9-10C1-4776-AD86-7E0821F86989}.Debug|Any CPU.Build.0 = Debug|iPhoneSimulator
		{E7C583A9-10C1-4776-AD86-7E0821F86989}.Debug|iPhone.ActiveCfg = Debug|iPhone
		{E7C583A9-10C1-4776-AD86-7E0821F86989}.Debug|iPhone.Build.0 = Debug|iPhone
		{E7C583A9-10C1-4776-AD86-7E0821F86989}.Debug|iPhoneSimulator.ActiveCfg = Debug|iPhoneSimulator
		{E7C583A9-10C1-4776-AD86-7E0821F86989}.Debug|iPhoneSimulator.Build.0 = Debug|iPhoneSimulator
		{E7C583A9-10C1-4776-AD86-7E0821F86989}.Release|Any CPU.ActiveCfg = Release|iPhone
		{E7C583A9-10C1-4776-AD86-7E0821F86989}.Release|Any CPU.Build.0 = Release|iPhone
		{E7C583A9-10C1-4776-AD86-7E0821F86989}.Release|iPhone.ActiveCfg = Release|iPhone
		{E7C583A9-10C1-4776-AD86-7E0821F86989}.Release|iPhone.Build.0 = Release|iPhone
		{E7C583A9-10C1-4776-AD86-7E0821F86989}.Release|iPhoneSimulator.ActiveCfg = Release|iPhoneSimulator
		{E7C583A9-10C1-4776-AD86-7E0821F86989}.Release|iPhoneSimulator.Build.0 = Release|iPhoneSimulator
	EndGlobalSection
EndGlobal
